{
  "lockfile_version": "1",
  "packages": {
    "butane@latest": {
      "last_modified": "2024-06-08T17:34:36Z",
      "resolved": "github:NixOS/nixpkgs/cd18e2ae9ab8e2a0a8d715b60c91b54c0ac35ff9#butane",
      "source": "devbox-search",
      "version": "0.21.0",
      "systems": {
        "aarch64-darwin": {
          "outputs": [
            {
              "name": "out",
              "path": "/nix/store/dx7varaqaigd3qx2a2hpr16lbqfp02j0-butane-0.21.0",
              "default": true
            }
          ],
          "store_path": "/nix/store/dx7varaqaigd3qx2a2hpr16lbqfp02j0-butane-0.21.0"
        },
        "aarch64-linux": {
          "outputs": [
            {
              "name": "out",
              "path": "/nix/store/45gllpv6apliwphdlrdxm4w5z5x4vdzr-butane-0.21.0",
              "default": true
            }
          ],
          "store_path": "/nix/store/45gllpv6apliwphdlrdxm4w5z5x4vdzr-butane-0.21.0"
        },
        "x86_64-darwin": {
          "outputs": [
            {
              "name": "out",
              "path": "/nix/store/6iwlrypzi3v6wrf2dys0j4vy4hw8a1yk-butane-0.21.0",
              "default": true
            }
          ],
          "store_path": "/nix/store/6iwlrypzi3v6wrf2dys0j4vy4hw8a1yk-butane-0.21.0"
        },
        "x86_64-linux": {
          "outputs": [
            {
              "name": "out",
              "path": "/nix/store/yik489pjk79gxw7aq5vahg9hz2zkjj1k-butane-0.21.0",
              "default": true
            }
          ],
          "store_path": "/nix/store/yik489pjk79gxw7aq5vahg9hz2zkjj1k-butane-0.21.0"
        }
      }
    },
    "glow@latest": {
      "last_modified": "2024-05-29T10:04:41Z",
      "resolved": "github:NixOS/nixpkgs/ac82a513e55582291805d6f09d35b6d8b60637a1#glow",
      "source": "devbox-search",
      "version": "1.5.1",
      "systems": {
        "aarch64-darwin": {
          "outputs": [
            {
              "name": "out",
              "path": "/nix/store/4s28gfqbp37gzkd65jg43fwk65czabg4-glow-1.5.1",
              "default": true
            }
          ],
          "store_path": "/nix/store/4s28gfqbp37gzkd65jg43fwk65czabg4-glow-1.5.1"
        },
        "aarch64-linux": {
          "outputs": [
            {
              "name": "out",
              "path": "/nix/store/fbjh0x5zrfdcf1kfi2z9dclzaa21mfbc-glow-1.5.1",
              "default": true
            }
          ],
          "store_path": "/nix/store/fbjh0x5zrfdcf1kfi2z9dclzaa21mfbc-glow-1.5.1"
        },
        "x86_64-darwin": {
          "outputs": [
            {
              "name": "out",
              "path": "/nix/store/wyr4nwn26jh64dh0c0rn71r0kiqp4p3x-glow-1.5.1",
              "default": true
            }
          ],
          "store_path": "/nix/store/wyr4nwn26jh64dh0c0rn71r0kiqp4p3x-glow-1.5.1"
        },
        "x86_64-linux": {
          "outputs": [
            {
              "name": "out",
              "path": "/nix/store/lifmqglvjywdgzy4lpxyi5apphq1vdgh-glow-1.5.1",
              "default": true
            }
          ],
          "store_path": "/nix/store/lifmqglvjywdgzy4lpxyi5apphq1vdgh-glow-1.5.1"
        }
      }
    },
    "gnumake@latest": {
      "last_modified": "2024-06-04T00:03:09Z",
      "resolved": "github:NixOS/nixpkgs/3b01abcc24846ae49957b30f4345bab4b3f1d14b#gnumake",
      "source": "devbox-search",
      "version": "4.4.1",
      "systems": {
        "aarch64-darwin": {
          "outputs": [
            {
              "name": "out",
              "path": "/nix/store/ka4fg0rm5hmaji7vwnvzk4qg4dhksg7v-gnumake-4.4.1",
              "default": true
            },
            {
              "name": "man",
              "path": "/nix/store/a2hmprcsm0ipakq0yz2r7h6daqhcz445-gnumake-4.4.1-man",
              "default": true
            },
            {
              "name": "info",
              "path": "/nix/store/8hbz6gxh8vgchyg9z7jbmyaw0hv6y539-gnumake-4.4.1-info"
            }
          ],
          "store_path": "/nix/store/ka4fg0rm5hmaji7vwnvzk4qg4dhksg7v-gnumake-4.4.1"
        },
        "aarch64-linux": {
          "outputs": [
            {
              "name": "out",
              "path": "/nix/store/iwq1ln8bq25bgvmkjlk65cnclijrhw5z-gnumake-4.4.1",
              "default": true
            },
            {
              "name": "man",
              "path": "/nix/store/yvvypigpwqbhyx5lff26nbskwgdr4nvv-gnumake-4.4.1-man",
              "default": true
            },
            {
              "name": "debug",
              "path": "/nix/store/lkfj5vraqq622jyrh4x2jj0kgn86a01l-gnumake-4.4.1-debug"
            },
            {
              "name": "info",
              "path": "/nix/store/yg3xvpd69y89ca1mvv7mf3y5vb3zyhqn-gnumake-4.4.1-info"
            }
          ],
          "store_path": "/nix/store/iwq1ln8bq25bgvmkjlk65cnclijrhw5z-gnumake-4.4.1"
        },
        "x86_64-darwin": {
          "outputs": [
            {
              "name": "out",
              "path": "/nix/store/s75wgqmhf2hspdx1n99g7nc035npfyr0-gnumake-4.4.1",
              "default": true
            },
            {
              "name": "man",
              "path": "/nix/store/g4cymnx5yzingpj655479ar237z1nyhp-gnumake-4.4.1-man",
              "default": true
            },
            {
              "name": "info",
              "path": "/nix/store/d6phnzw389kgq96ip647qgc68v2ihkva-gnumake-4.4.1-info"
            }
          ],
          "store_path": "/nix/store/s75wgqmhf2hspdx1n99g7nc035npfyr0-gnumake-4.4.1"
        },
        "x86_64-linux": {
          "outputs": [
            {
              "name": "out",
              "path": "/nix/store/y9mnxlhj1hda3b75j0hbx80gqfaysvfh-gnumake-4.4.1",
              "default": true
            },
            {
              "name": "man",
              "path": "/nix/store/5njqh28sz9i18bklrcxf6lfd91pwi8p7-gnumake-4.4.1-man",
              "default": true
            },
            {
              "name": "debug",
              "path": "/nix/store/gl5bk8d2s02nmml60a79d79nckg3a4p4-gnumake-4.4.1-debug"
            },
            {
              "name": "info",
              "path": "/nix/store/c2cfw4ry3hbf5c7njz5l0931hbliizb8-gnumake-4.4.1-info"
            }
          ],
          "store_path": "/nix/store/y9mnxlhj1hda3b75j0hbx80gqfaysvfh-gnumake-4.4.1"
        }
      }
    },
    "jq@latest": {
      "last_modified": "2024-06-09T00:38:05Z",
      "resolved": "github:NixOS/nixpkgs/3bcedce9f4de37570242faf16e1e143583407eab#jq",
      "source": "devbox-search",
      "version": "1.7.1",
      "systems": {
        "aarch64-darwin": {
          "outputs": [
            {
              "name": "bin",
              "path": "/nix/store/68s205iqz4x1fvry7nkhg8g270v1vcy4-jq-1.7.1-bin",
              "default": true
            },
            {
              "name": "man",
              "path": "/nix/store/a5dywljs6papj8qcz9414r91f69r4y9r-jq-1.7.1-man",
              "default": true
            },
            {
              "name": "out",
              "path": "/nix/store/f20hrh4qzvk2577glb7s5l114gmirngj-jq-1.7.1"
            },
            {
              "name": "dev",
              "path": "/nix/store/13hz87fi6v8yha2i0hqs3hgjr28wh5wc-jq-1.7.1-dev"
            },
            {
              "name": "doc",
              "path": "/nix/store/ghj56yphlx06ws4wzv6370smcqy7q2j7-jq-1.7.1-doc"
            },
            {
              "name": "lib",
              "path": "/nix/store/19mhwafp54qa8di0z3rxwb692nq1hagw-jq-1.7.1-lib"
            }
          ],
          "store_path": "/nix/store/68s205iqz4x1fvry7nkhg8g270v1vcy4-jq-1.7.1-bin"
        },
        "aarch64-linux": {
          "outputs": [
            {
              "name": "bin",
              "path": "/nix/store/ndiybnyqr1ph1vjg3k12nk4563mhxppm-jq-1.7.1-bin",
              "default": true
            },
            {
              "name": "man",
              "path": "/nix/store/m6iwqw0050fw4wc9xmr5pqs3ah5ry7ax-jq-1.7.1-man",
              "default": true
            },
            {
              "name": "out",
              "path": "/nix/store/fwkhzdlq9xiz2rl5bkvmj772p9hvqj99-jq-1.7.1"
            },
            {
              "name": "dev",
              "path": "/nix/store/kvrsi2isj17fm1i1q547y318pkdn8yp7-jq-1.7.1-dev"
            },
            {
              "name": "doc",
              "path": "/nix/store/bb0ah4vxmzgc0sqykmbv5fypgk9nnkw1-jq-1.7.1-doc"
            },
            {
              "name": "lib",
              "path": "/nix/store/amjqcw9ja9zd2dwm1va91in764xvpnx3-jq-1.7.1-lib"
            }
          ],
          "store_path": "/nix/store/ndiybnyqr1ph1vjg3k12nk4563mhxppm-jq-1.7.1-bin"
        },
        "x86_64-darwin": {
          "outputs": [
            {
              "name": "bin",
              "path": "/nix/store/bpfyriz1v75s27jjp334xmz76i39jb5m-jq-1.7.1-bin",
              "default": true
            },
            {
              "name": "man",
              "path": "/nix/store/z9k3kvc4vd3nalz0zy642jwldjx8nycz-jq-1.7.1-man",
              "default": true
            },
            {
              "name": "dev",
              "path": "/nix/store/js9gb09z8qzf0i7xaqnqkriy43d4p371-jq-1.7.1-dev"
            },
            {
              "name": "doc",
              "path": "/nix/store/h092iqq78iqfb2i4zr9x5p6pjapm4gj0-jq-1.7.1-doc"
            },
            {
              "name": "lib",
              "path": "/nix/store/m83fjdl51389phnrm9yw81xq47b1n6nq-jq-1.7.1-lib"
            },
            {
              "name": "out",
              "path": "/nix/store/ja0jnfqjrlcvrmhd0x5v61nccdybp86g-jq-1.7.1"
            }
          ],
          "store_path": "/nix/store/bpfyriz1v75s27jjp334xmz76i39jb5m-jq-1.7.1-bin"
        },
        "x86_64-linux": {
          "outputs": [
            {
              "name": "bin",
              "path": "/nix/store/7y2nxi5svi3ya06jyfw7l06rxvfb1zzf-jq-1.7.1-bin",
              "default": true
            },
            {
              "name": "man",
              "path": "/nix/store/shvd454wy3lnhirj922yrzffzscci28s-jq-1.7.1-man",
              "default": true
            },
            {
              "name": "out",
              "path": "/nix/store/33flg1kzjqn426gg4yfz1zkgpj9cmc4j-jq-1.7.1"
            },
            {
              "name": "dev",
              "path": "/nix/store/n5chc8i5za5jrr4biwwgx7a96p0a7aq9-jq-1.7.1-dev"
            },
            {
              "name": "doc",
              "path": "/nix/store/5cq70lcqc2aph4q03brijk3alfh5rnmz-jq-1.7.1-doc"
            },
            {
              "name": "lib",
              "path": "/nix/store/bjf63mfkn3r6svmb4qlsy1v8bff4dwa9-jq-1.7.1-lib"
            }
          ],
          "store_path": "/nix/store/7y2nxi5svi3ya06jyfw7l06rxvfb1zzf-jq-1.7.1-bin"
        }
      }
    },
    "linode-cli@latest": {
      "last_modified": "2024-05-22T06:18:38Z",
      "resolved": "github:NixOS/nixpkgs/3f316d2a50699a78afe5e77ca486ad553169061e#linode-cli",
      "source": "devbox-search",
      "version": "5.45.0",
      "systems": {
        "aarch64-darwin": {
          "outputs": [
            {
              "name": "out",
              "path": "/nix/store/2brz9lnhnwk2qmagdfp1wkf55ljng8vy-linode-cli-5.45.0",
              "default": true
            },
            {
              "name": "dist",
              "path": "/nix/store/aiklf9wnd7x373pbn53kd0095li12pg8-linode-cli-5.45.0-dist"
            }
          ],
          "store_path": "/nix/store/2brz9lnhnwk2qmagdfp1wkf55ljng8vy-linode-cli-5.45.0"
        },
        "aarch64-linux": {
          "outputs": [
            {
              "name": "out",
              "path": "/nix/store/46sp96wmv6bra5zk1d0ldr2lsmv6gl5h-linode-cli-5.45.0",
              "default": true
            },
            {
              "name": "dist",
              "path": "/nix/store/dd762dvxszxpj2w9rgxsd136xz5q5bzl-linode-cli-5.45.0-dist"
            }
          ],
          "store_path": "/nix/store/46sp96wmv6bra5zk1d0ldr2lsmv6gl5h-linode-cli-5.45.0"
        },
        "x86_64-darwin": {
          "outputs": [
            {
              "name": "out",
              "path": "/nix/store/dqrgh333zlk5nwl5h8z9gwmaz8vccjrw-linode-cli-5.45.0",
              "default": true
            },
            {
              "name": "dist",
              "path": "/nix/store/hhckb75v27v6x1iil5ibmf1d8hcagagf-linode-cli-5.45.0-dist"
            }
          ],
          "store_path": "/nix/store/dqrgh333zlk5nwl5h8z9gwmaz8vccjrw-linode-cli-5.45.0"
        },
        "x86_64-linux": {
          "outputs": [
            {
              "name": "out",
              "path": "/nix/store/298zl6sic2hbpdmvq1jib51618ky9n25-linode-cli-5.45.0",
              "default": true
            },
            {
              "name": "dist",
              "path": "/nix/store/cbz4jxdwdxfarbwqq3c1f94jwxv85hjv-linode-cli-5.45.0-dist"
            }
          ],
          "store_path": "/nix/store/298zl6sic2hbpdmvq1jib51618ky9n25-linode-cli-5.45.0"
        }
      }
    }
  }
}
